
Microsoft Visual Studio Solution File, Format Version 12.00
# Visual Studio Version 17
VisualStudioVersion = 17.8.34511.84
MinimumVisualStudioVersion = 10.0.40219.1
Project("{FAE04EC0-301F-11D3-BF4B-00C04F79EFBC}") = "Mvc-Prova", "Mvc-Prova\Mvc-Prova.csproj", "{93FF3332-A569-4BB5-9B3F-CDDE77B83460}"
EndProject
Global
	GlobalSection(SolutionConfigurationPlatforms) = preSolution
		Debug|Any CPU = Debug|Any CPU
		Release|Any CPU = Release|Any CPU
	EndGlobalSection
	GlobalSection(ProjectConfigurationPlatforms) = postSolution
		{93FF3332-A569-4BB5-9B3F-CDDE77B83460}.Debug|Any CPU.ActiveCfg = Debug|Any CPU
		{93FF3332-A569-4BB5-9B3F-CDDE77B83460}.Debug|Any CPU.Build.0 = Debug|Any CPU
		{93FF3332-A569-4BB5-9B3F-CDDE77B83460}.Release|Any CPU.ActiveCfg = Release|Any CPU
		{93FF3332-A569-4BB5-9B3F-CDDE77B83460}.Release|Any CPU.Build.0 = Release|Any CPU
	EndGlobalSection
	GlobalSection(SolutionProperties) = preSolution
		HideSolutionNode = FALSE
	EndGlobalSection
	GlobalSection(ExtensibilityGlobals) = postSolution
		SolutionGuid = {99A459A2-A86B-4365-BB21-524CFA988B81}
	EndGlobalSection
EndGlobal
